{
    "_readme": [
        "This file locks the dependencies of your project to a known state",
        "Read more about it at https://getcomposer.org/doc/01-basic-usage.md#composer-lock-the-lock-file",
        "This file is @generated automatically"
    ],
    "hash": "3f882176a1a412c3c53fe0f67a75748a",
    "packages": [
        {
            "name": "mandrill/mandrill",
            "version": "1.0.54",
            "source": {
                "type": "git",
                "url": "https://bitbucket.org/mailchimp/mandrill-api-php.git",
                "reference": "9f336b08ea148c80db3b694f3dc737cd4f414e19"
            },
            "dist": {
                "type": "zip",
                "url": "https://bitbucket.org/mailchimp/mandrill-api-php/get/9f336b08ea148c80db3b694f3dc737cd4f414e19.zip",
                "reference": "9f336b08ea148c80db3b694f3dc737cd4f414e19",
                "shasum": ""
            },
            "require": {
                "php": ">=5.2.0"
            },
            "type": "library",
            "autoload": {
                "psr-0": {
                    "Mandrill": "src/"
                }
            },
            "notification-url": "https://packagist.org/downloads/",
            "license": [
                "Apache-2.0"
            ],
            "authors": [
                {
                    "name": "Mandrill Devs",
                    "email": "community@mandrill.com",
                    "homepage": "http://mandrill.com",
                    "role": "Developer"
                }
            ],
            "description": "API client library for the Mandrill email as a service platform",
            "homepage": "https://bitbucket.org/mailchimp/mandrill-api-php",
            "keywords": [
                "api",
                "email"
            ],
            "time": "2014-10-16 21:08:20"
        }
    ],
    "packages-dev": [
        {
            "name": "heroku/heroku-buildpack-php",
            "version": "v71",
            "source": {
                "type": "git",
                "url": "https://github.com/heroku/heroku-buildpack-php.git",
                "reference": "115ddf16d45cff621961d8dd57e14ba1ff1e41dd"
            },
            "dist": {
                "type": "zip",
                "url": "https://api.github.com/repos/heroku/heroku-buildpack-php/zipball/115ddf16d45cff621961d8dd57e14ba1ff1e41dd",
                "reference": "115ddf16d45cff621961d8dd57e14ba1ff1e41dd",
                "shasum": ""
            },
            "bin": [
                "bin/heroku-hhvm-apache2",
                "bin/heroku-hhvm-nginx",
                "bin/heroku-php-apache2",
                "bin/heroku-php-nginx"
            ],
            "type": "library",
            "notification-url": "https://packagist.org/downloads/",
            "license": [
                "MIT"
            ],
            "authors": [
                {
                    "name": "David Zuelke",
                    "email": "dz@heroku.com"
                }
            ],
            "description": "Toolkit for starting a PHP application locally, with or without foreman, using the same config for PHP/HHVM and Apache2/Nginx as on Heroku",
            "homepage": "http://github.com/heroku/heroku-buildpack-php",
            "keywords": [
                "apache",
                "apache2",
                "foreman",
                "heroku",
                "hhvm",
                "nginx",
                "php"
            ],
            "time": "2015-07-14 00:38:23"
        }
    ],
    "aliases": [],
    "minimum-stability": "stable",
    "stability-flags": [],
    "prefer-stable": false,
    "prefer-lowest": false,
    "platform": {
        "ext-mongo": "*"
    },
    "platform-dev": []
}
